
Microsoft Visual Studio Solution File, Format Version 12.00
# Visual Studio Version 16
VisualStudioVersion = 16.0.31729.503
MinimumVisualStudioVersion = 10.0.40219.1
Project("{FAE04EC0-301F-11D3-BF4B-00C04F79EFBC}") = "Aporte1", "Aporte1\Aporte1.csproj", "{0FA5F2E3-BCD4-4D6D-8F0E-BB815FECE149}"
EndProject
Global
	GlobalSection(SolutionConfigurationPlatforms) = preSolution
		Debug|Any CPU = Debug|Any CPU
		Release|Any CPU = Release|Any CPU
	EndGlobalSection
	GlobalSection(ProjectConfigurationPlatforms) = postSolution
		{0FA5F2E3-BCD4-4D6D-8F0E-BB815FECE149}.Debug|Any CPU.ActiveCfg = Debug|Any CPU
		{0FA5F2E3-BCD4-4D6D-8F0E-BB815FECE149}.Debug|Any CPU.Build.0 = Debug|Any CPU
		{0FA5F2E3-BCD4-4D6D-8F0E-BB815FECE149}.Release|Any CPU.ActiveCfg = Release|Any CPU
		{0FA5F2E3-BCD4-4D6D-8F0E-BB815FECE149}.Release|Any CPU.Build.0 = Release|Any CPU
	EndGlobalSection
	GlobalSection(SolutionProperties) = preSolution
		HideSolutionNode = FALSE
	EndGlobalSection
	GlobalSection(ExtensibilityGlobals) = postSolution
		SolutionGuid = {221F3B2E-209A-4ADB-9F29-84FC9A216B98}
	EndGlobalSection
EndGlobal
